
Microsoft Visual Studio Solution File, Format Version 12.00
# Visual Studio Version 17
VisualStudioVersion = 17.4.33205.214
MinimumVisualStudioVersion = 10.0.40219.1
Project("{9A19103F-16F7-4668-BE54-9A1E7A4F7556}") = "WebApi", "WebApi\WebApi.csproj", "{B87AAE8F-21EE-49E8-B4DF-D4D2033C53BD}"
EndProject
Project("{9A19103F-16F7-4668-BE54-9A1E7A4F7556}") = "Services", "Services\Services.csproj", "{CA8ED02C-937A-4103-A681-5CCBCFEADC7A}"
EndProject
Project("{9A19103F-16F7-4668-BE54-9A1E7A4F7556}") = "Models", "Models\Models.csproj", "{C13A1459-FAC5-41F9-9B84-4D5467AC3772}"
EndProject
Project("{9A19103F-16F7-4668-BE54-9A1E7A4F7556}") = "Infrastructure", "Infrastructure\Infrastructure.csproj", "{3B5891C0-5962-44A5-B2E0-6CE16C4DB2B6}"
EndProject
Project("{FAE04EC0-301F-11D3-BF4B-00C04F79EFBC}") = "ServicesTests", "ServicesTests\ServicesTests.csproj", "{DFEF083B-552C-4E4A-903C-92F02BE848AD}"
EndProject
Global
	GlobalSection(SolutionConfigurationPlatforms) = preSolution
		Debug|Any CPU = Debug|Any CPU
		Release|Any CPU = Release|Any CPU
	EndGlobalSection
	GlobalSection(ProjectConfigurationPlatforms) = postSolution
		{B87AAE8F-21EE-49E8-B4DF-D4D2033C53BD}.Debug|Any CPU.ActiveCfg = Debug|Any CPU
		{B87AAE8F-21EE-49E8-B4DF-D4D2033C53BD}.Debug|Any CPU.Build.0 = Debug|Any CPU
		{B87AAE8F-21EE-49E8-B4DF-D4D2033C53BD}.Release|Any CPU.ActiveCfg = Release|Any CPU
		{B87AAE8F-21EE-49E8-B4DF-D4D2033C53BD}.Release|Any CPU.Build.0 = Release|Any CPU
		{CA8ED02C-937A-4103-A681-5CCBCFEADC7A}.Debug|Any CPU.ActiveCfg = Debug|Any CPU
		{CA8ED02C-937A-4103-A681-5CCBCFEADC7A}.Debug|Any CPU.Build.0 = Debug|Any CPU
		{CA8ED02C-937A-4103-A681-5CCBCFEADC7A}.Release|Any CPU.ActiveCfg = Release|Any CPU
		{CA8ED02C-937A-4103-A681-5CCBCFEADC7A}.Release|Any CPU.Build.0 = Release|Any CPU
		{C13A1459-FAC5-41F9-9B84-4D5467AC3772}.Debug|Any CPU.ActiveCfg = Debug|Any CPU
		{C13A1459-FAC5-41F9-9B84-4D5467AC3772}.Debug|Any CPU.Build.0 = Debug|Any CPU
		{C13A1459-FAC5-41F9-9B84-4D5467AC3772}.Release|Any CPU.ActiveCfg = Release|Any CPU
		{C13A1459-FAC5-41F9-9B84-4D5467AC3772}.Release|Any CPU.Build.0 = Release|Any CPU
		{3B5891C0-5962-44A5-B2E0-6CE16C4DB2B6}.Debug|Any CPU.ActiveCfg = Debug|Any CPU
		{3B5891C0-5962-44A5-B2E0-6CE16C4DB2B6}.Debug|Any CPU.Build.0 = Debug|Any CPU
		{3B5891C0-5962-44A5-B2E0-6CE16C4DB2B6}.Release|Any CPU.ActiveCfg = Release|Any CPU
		{3B5891C0-5962-44A5-B2E0-6CE16C4DB2B6}.Release|Any CPU.Build.0 = Release|Any CPU
		{DFEF083B-552C-4E4A-903C-92F02BE848AD}.Debug|Any CPU.ActiveCfg = Debug|Any CPU
		{DFEF083B-552C-4E4A-903C-92F02BE848AD}.Debug|Any CPU.Build.0 = Debug|Any CPU
		{DFEF083B-552C-4E4A-903C-92F02BE848AD}.Release|Any CPU.ActiveCfg = Release|Any CPU
		{DFEF083B-552C-4E4A-903C-92F02BE848AD}.Release|Any CPU.Build.0 = Release|Any CPU
	EndGlobalSection
	GlobalSection(SolutionProperties) = preSolution
		HideSolutionNode = FALSE
	EndGlobalSection
	GlobalSection(ExtensibilityGlobals) = postSolution
		SolutionGuid = {667DDF49-D0F9-4EEE-8AF5-912AC6E14AD1}
	EndGlobalSection
EndGlobal
